
Microsoft Visual Studio Solution File, Format Version 12.00
# Visual Studio Version 17
VisualStudioVersion = 17.5.33530.505
MinimumVisualStudioVersion = 10.0.40219.1
Project("{FAE04EC0-301F-11D3-BF4B-00C04F79EFBC}") = "Inherience", "Inherience.csproj", "{C1A1B7BA-D5CB-4D3E-A9D9-603BB15FCE1B}"
EndProject
Global
	GlobalSection(SolutionConfigurationPlatforms) = preSolution
		Debug|Any CPU = Debug|Any CPU
		Release|Any CPU = Release|Any CPU
	EndGlobalSection
	GlobalSection(ProjectConfigurationPlatforms) = postSolution
		{C1A1B7BA-D5CB-4D3E-A9D9-603BB15FCE1B}.Debug|Any CPU.ActiveCfg = Debug|Any CPU
		{C1A1B7BA-D5CB-4D3E-A9D9-603BB15FCE1B}.Debug|Any CPU.Build.0 = Debug|Any CPU
		{C1A1B7BA-D5CB-4D3E-A9D9-603BB15FCE1B}.Release|Any CPU.ActiveCfg = Release|Any CPU
		{C1A1B7BA-D5CB-4D3E-A9D9-603BB15FCE1B}.Release|Any CPU.Build.0 = Release|Any CPU
	EndGlobalSection
	GlobalSection(SolutionProperties) = preSolution
		HideSolutionNode = FALSE
	EndGlobalSection
	GlobalSection(ExtensibilityGlobals) = postSolution
		SolutionGuid = {BD84379F-4218-4EFB-A648-CE91363415EF}
	EndGlobalSection
EndGlobal
