
Microsoft Visual Studio Solution File, Format Version 12.00
# Visual Studio Version 17
VisualStudioVersion = 17.5.33530.505
MinimumVisualStudioVersion = 10.0.40219.1
Project("{FAE04EC0-301F-11D3-BF4B-00C04F79EFBC}") = "Access1", "Access1.csproj", "{566C4092-AEEE-485E-9D81-E9A9D5491E04}"
EndProject
Project("{FAE04EC0-301F-11D3-BF4B-00C04F79EFBC}") = "AccessDemo2", "..\AccessDemo2\AccessDemo2.csproj", "{2AB559C1-CE0E-4FB1-B5E7-B61D1B1E16E5}"
EndProject
Global
	GlobalSection(SolutionConfigurationPlatforms) = preSolution
		Debug|Any CPU = Debug|Any CPU
		Release|Any CPU = Release|Any CPU
	EndGlobalSection
	GlobalSection(ProjectConfigurationPlatforms) = postSolution
		{566C4092-AEEE-485E-9D81-E9A9D5491E04}.Debug|Any CPU.ActiveCfg = Debug|Any CPU
		{566C4092-AEEE-485E-9D81-E9A9D5491E04}.Debug|Any CPU.Build.0 = Debug|Any CPU
		{566C4092-AEEE-485E-9D81-E9A9D5491E04}.Release|Any CPU.ActiveCfg = Release|Any CPU
		{566C4092-AEEE-485E-9D81-E9A9D5491E04}.Release|Any CPU.Build.0 = Release|Any CPU
		{2AB559C1-CE0E-4FB1-B5E7-B61D1B1E16E5}.Debug|Any CPU.ActiveCfg = Debug|Any CPU
		{2AB559C1-CE0E-4FB1-B5E7-B61D1B1E16E5}.Debug|Any CPU.Build.0 = Debug|Any CPU
		{2AB559C1-CE0E-4FB1-B5E7-B61D1B1E16E5}.Release|Any CPU.ActiveCfg = Release|Any CPU
		{2AB559C1-CE0E-4FB1-B5E7-B61D1B1E16E5}.Release|Any CPU.Build.0 = Release|Any CPU
	EndGlobalSection
	GlobalSection(SolutionProperties) = preSolution
		HideSolutionNode = FALSE
	EndGlobalSection
	GlobalSection(ExtensibilityGlobals) = postSolution
		SolutionGuid = {13156A76-AD4F-4E3E-BC90-DD17FF7B07E8}
	EndGlobalSection
EndGlobal
