
Microsoft Visual Studio Solution File, Format Version 12.00
# Visual Studio Version 17
VisualStudioVersion = 17.5.33530.505
MinimumVisualStudioVersion = 10.0.40219.1
Project("{FAE04EC0-301F-11D3-BF4B-00C04F79EFBC}") = "AccessDemo1", "..\AccessDemo1\AccessDemo1.csproj", "{3AE072A6-F131-453F-B512-5591034EBBC7}"
EndProject
Project("{FAE04EC0-301F-11D3-BF4B-00C04F79EFBC}") = "AccessDemo2", "..\AccessDemo2\AccessDemo2.csproj", "{2AB559C1-CE0E-4FB1-B5E7-B61D1B1E16E5}"
EndProject
Global
	GlobalSection(SolutionConfigurationPlatforms) = preSolution
		Debug|Any CPU = Debug|Any CPU
		Release|Any CPU = Release|Any CPU
	EndGlobalSection
	GlobalSection(ProjectConfigurationPlatforms) = postSolution
		{3AE072A6-F131-453F-B512-5591034EBBC7}.Debug|Any CPU.ActiveCfg = Debug|Any CPU
		{3AE072A6-F131-453F-B512-5591034EBBC7}.Debug|Any CPU.Build.0 = Debug|Any CPU
		{3AE072A6-F131-453F-B512-5591034EBBC7}.Release|Any CPU.ActiveCfg = Release|Any CPU
		{3AE072A6-F131-453F-B512-5591034EBBC7}.Release|Any CPU.Build.0 = Release|Any CPU
		{2AB559C1-CE0E-4FB1-B5E7-B61D1B1E16E5}.Debug|Any CPU.ActiveCfg = Debug|Any CPU
		{2AB559C1-CE0E-4FB1-B5E7-B61D1B1E16E5}.Debug|Any CPU.Build.0 = Debug|Any CPU
		{2AB559C1-CE0E-4FB1-B5E7-B61D1B1E16E5}.Release|Any CPU.ActiveCfg = Release|Any CPU
		{2AB559C1-CE0E-4FB1-B5E7-B61D1B1E16E5}.Release|Any CPU.Build.0 = Release|Any CPU
	EndGlobalSection
	GlobalSection(SolutionProperties) = preSolution
		HideSolutionNode = FALSE
	EndGlobalSection
	GlobalSection(ExtensibilityGlobals) = postSolution
		SolutionGuid = {C0366A33-9486-4FC8-9DD7-02E15909371F}
	EndGlobalSection
EndGlobal
