
Microsoft Visual Studio Solution File, Format Version 12.00
# Visual Studio Version 17
VisualStudioVersion = 17.5.33530.505
MinimumVisualStudioVersion = 10.0.40219.1
Project("{FAE04EC0-301F-11D3-BF4B-00C04F79EFBC}") = "ConsoleApp2", "ConsoleApp2.csproj", "{238DCC1E-1BE9-4E99-BAB9-0E286377823A}"
EndProject
Global
	GlobalSection(SolutionConfigurationPlatforms) = preSolution
		Debug|Any CPU = Debug|Any CPU
		Release|Any CPU = Release|Any CPU
	EndGlobalSection
	GlobalSection(ProjectConfigurationPlatforms) = postSolution
		{238DCC1E-1BE9-4E99-BAB9-0E286377823A}.Debug|Any CPU.ActiveCfg = Debug|Any CPU
		{238DCC1E-1BE9-4E99-BAB9-0E286377823A}.Debug|Any CPU.Build.0 = Debug|Any CPU
		{238DCC1E-1BE9-4E99-BAB9-0E286377823A}.Release|Any CPU.ActiveCfg = Release|Any CPU
		{238DCC1E-1BE9-4E99-BAB9-0E286377823A}.Release|Any CPU.Build.0 = Release|Any CPU
	EndGlobalSection
	GlobalSection(SolutionProperties) = preSolution
		HideSolutionNode = FALSE
	EndGlobalSection
	GlobalSection(ExtensibilityGlobals) = postSolution
		SolutionGuid = {C1526837-9E4C-47AA-85CB-4ACFC29D7F45}
	EndGlobalSection
EndGlobal
