
Microsoft Visual Studio Solution File, Format Version 12.00
# Visual Studio Version 17
VisualStudioVersion = 17.5.33530.505
MinimumVisualStudioVersion = 10.0.40219.1
Project("{FAE04EC0-301F-11D3-BF4B-00C04F79EFBC}") = "TypeExercise", "TypeExercise.csproj", "{C54436FE-E749-4996-B999-D62172920985}"
EndProject
Global
	GlobalSection(SolutionConfigurationPlatforms) = preSolution
		Debug|Any CPU = Debug|Any CPU
		Release|Any CPU = Release|Any CPU
	EndGlobalSection
	GlobalSection(ProjectConfigurationPlatforms) = postSolution
		{C54436FE-E749-4996-B999-D62172920985}.Debug|Any CPU.ActiveCfg = Debug|Any CPU
		{C54436FE-E749-4996-B999-D62172920985}.Debug|Any CPU.Build.0 = Debug|Any CPU
		{C54436FE-E749-4996-B999-D62172920985}.Release|Any CPU.ActiveCfg = Release|Any CPU
		{C54436FE-E749-4996-B999-D62172920985}.Release|Any CPU.Build.0 = Release|Any CPU
	EndGlobalSection
	GlobalSection(SolutionProperties) = preSolution
		HideSolutionNode = FALSE
	EndGlobalSection
	GlobalSection(ExtensibilityGlobals) = postSolution
		SolutionGuid = {55E3BFD8-41DA-468E-91FA-CF9BC56EB8F3}
	EndGlobalSection
EndGlobal
